
Microsoft Visual Studio Solution File, Format Version 12.00
# Visual Studio Version 17
VisualStudioVersion = 17.0.31903.59
MinimumVisualStudioVersion = 10.0.40219.1
Project("{FAE04EC0-301F-11D3-BF4B-00C04F79EFBC}") = "ConsoleApp", "ConsoleApp\ConsoleApp.csproj", "{04ABA7BC-6AAE-4024-8B25-6A8341FE9D4B}"
EndProject
Project("{FAE04EC0-301F-11D3-BF4B-00C04F79EFBC}") = "Utilities", "Utilities\Utilities.csproj", "{153B0C6E-44C2-4495-9CC5-3989EBCAC9DC}"
EndProject
Global
	GlobalSection(SolutionConfigurationPlatforms) = preSolution
		Debug|Any CPU = Debug|Any CPU
		Debug|x64 = Debug|x64
		Debug|x86 = Debug|x86
		Release|Any CPU = Release|Any CPU
		Release|x64 = Release|x64
		Release|x86 = Release|x86
	EndGlobalSection
	GlobalSection(ProjectConfigurationPlatforms) = postSolution
		{04ABA7BC-6AAE-4024-8B25-6A8341FE9D4B}.Debug|Any CPU.ActiveCfg = Debug|Any CPU
		{04ABA7BC-6AAE-4024-8B25-6A8341FE9D4B}.Debug|Any CPU.Build.0 = Debug|Any CPU
		{04ABA7BC-6AAE-4024-8B25-6A8341FE9D4B}.Debug|x64.ActiveCfg = Debug|Any CPU
		{04ABA7BC-6AAE-4024-8B25-6A8341FE9D4B}.Debug|x64.Build.0 = Debug|Any CPU
		{04ABA7BC-6AAE-4024-8B25-6A8341FE9D4B}.Debug|x86.ActiveCfg = Debug|Any CPU
		{04ABA7BC-6AAE-4024-8B25-6A8341FE9D4B}.Debug|x86.Build.0 = Debug|Any CPU
		{04ABA7BC-6AAE-4024-8B25-6A8341FE9D4B}.Release|Any CPU.ActiveCfg = Release|Any CPU
		{04ABA7BC-6AAE-4024-8B25-6A8341FE9D4B}.Release|Any CPU.Build.0 = Release|Any CPU
		{04ABA7BC-6AAE-4024-8B25-6A8341FE9D4B}.Release|x64.ActiveCfg = Release|Any CPU
		{04ABA7BC-6AAE-4024-8B25-6A8341FE9D4B}.Release|x64.Build.0 = Release|Any CPU
		{04ABA7BC-6AAE-4024-8B25-6A8341FE9D4B}.Release|x86.ActiveCfg = Release|Any CPU
		{04ABA7BC-6AAE-4024-8B25-6A8341FE9D4B}.Release|x86.Build.0 = Release|Any CPU
		{153B0C6E-44C2-4495-9CC5-3989EBCAC9DC}.Debug|Any CPU.ActiveCfg = Debug|Any CPU
		{153B0C6E-44C2-4495-9CC5-3989EBCAC9DC}.Debug|Any CPU.Build.0 = Debug|Any CPU
		{153B0C6E-44C2-4495-9CC5-3989EBCAC9DC}.Debug|x64.ActiveCfg = Debug|Any CPU
		{153B0C6E-44C2-4495-9CC5-3989EBCAC9DC}.Debug|x64.Build.0 = Debug|Any CPU
		{153B0C6E-44C2-4495-9CC5-3989EBCAC9DC}.Debug|x86.ActiveCfg = Debug|Any CPU
		{153B0C6E-44C2-4495-9CC5-3989EBCAC9DC}.Debug|x86.Build.0 = Debug|Any CPU
		{153B0C6E-44C2-4495-9CC5-3989EBCAC9DC}.Release|Any CPU.ActiveCfg = Release|Any CPU
		{153B0C6E-44C2-4495-9CC5-3989EBCAC9DC}.Release|Any CPU.Build.0 = Release|Any CPU
		{153B0C6E-44C2-4495-9CC5-3989EBCAC9DC}.Release|x64.ActiveCfg = Release|Any CPU
		{153B0C6E-44C2-4495-9CC5-3989EBCAC9DC}.Release|x64.Build.0 = Release|Any CPU
		{153B0C6E-44C2-4495-9CC5-3989EBCAC9DC}.Release|x86.ActiveCfg = Release|Any CPU
		{153B0C6E-44C2-4495-9CC5-3989EBCAC9DC}.Release|x86.Build.0 = Release|Any CPU
	EndGlobalSection
	GlobalSection(SolutionProperties) = preSolution
		HideSolutionNode = FALSE
	EndGlobalSection
EndGlobal
